
Microsoft Visual Studio Solution File, Format Version 12.00
# Visual Studio 2013
VisualStudioVersion = 12.0.30723.0
MinimumVisualStudioVersion = 10.0.40219.1
Project("{FAE04EC0-301F-11D3-BF4B-00C04F79EFBC}") = "HashProp", "HashProp\HashProp.csproj", "{3F1C5418-A4F0-48C1-8D84-E682B2740F23}"
EndProject
Project("{54435603-DBB4-11D2-8724-00A0C9A8B90C}") = "Setup-x64", "Setup-x64\Setup-x64.vdproj", "{309BB993-07EB-47B3-A6C6-05D6AA55D413}"
EndProject
Project("{54435603-DBB4-11D2-8724-00A0C9A8B90C}") = "Setup-x86", "Setup-x86\Setup-x86.vdproj", "{6603BFCA-C3F5-4E8C-9627-C71C231B2319}"
EndProject
Global
	GlobalSection(SolutionConfigurationPlatforms) = preSolution
		Debug|Any CPU = Debug|Any CPU
		Release|Any CPU = Release|Any CPU
	EndGlobalSection
	GlobalSection(ProjectConfigurationPlatforms) = postSolution
		{3F1C5418-A4F0-48C1-8D84-E682B2740F23}.Debug|Any CPU.ActiveCfg = Debug|Any CPU
		{3F1C5418-A4F0-48C1-8D84-E682B2740F23}.Debug|Any CPU.Build.0 = Debug|Any CPU
		{3F1C5418-A4F0-48C1-8D84-E682B2740F23}.Release|Any CPU.ActiveCfg = Release|Any CPU
		{3F1C5418-A4F0-48C1-8D84-E682B2740F23}.Release|Any CPU.Build.0 = Release|Any CPU
		{309BB993-07EB-47B3-A6C6-05D6AA55D413}.Debug|Any CPU.ActiveCfg = Debug
		{309BB993-07EB-47B3-A6C6-05D6AA55D413}.Release|Any CPU.ActiveCfg = Release
		{309BB993-07EB-47B3-A6C6-05D6AA55D413}.Release|Any CPU.Build.0 = Release
		{6603BFCA-C3F5-4E8C-9627-C71C231B2319}.Debug|Any CPU.ActiveCfg = Debug
		{6603BFCA-C3F5-4E8C-9627-C71C231B2319}.Release|Any CPU.ActiveCfg = Release
		{6603BFCA-C3F5-4E8C-9627-C71C231B2319}.Release|Any CPU.Build.0 = Release
	EndGlobalSection
	GlobalSection(SolutionProperties) = preSolution
		HideSolutionNode = FALSE
	EndGlobalSection
EndGlobal
